github.com/Dmaddu/greetings_module v0.0.0-20210806081822-802bc7335abb h1:YMEIOF8te88Vp1xsteAK5XxX8ITfc5TUONaSpX4AgVY=
github.com/Dmaddu/greetings_module v0.0.0-20210806081822-802bc7335abb/go.mod h1:vJgbdj0jrAACXg5kfZ4P4BKisLXlB9h+Hj29+2FqXUc=
github.com/Dmaddu/greetings_module v0.0.0-20210806085517-6a36699e7ac6 h1:GqYvZGxO4SfTzC4kGDg3VOJY79rXC0WI0xVFCq7t3Q8=
github.com/Dmaddu/greetings_module v0.0.0-20210806085517-6a36699e7ac6/go.mod h1:vJgbdj0jrAACXg5kfZ4P4BKisLXlB9h+Hj29+2FqXUc=
